%{"cowboy": {:git, "git://github.com/extend/cowboy.git", "99061274b6dc602614a07a8751ea3925950f6b80", []},
  "cowlib": {:git, "git://github.com/extend/cowlib.git", "e2ffefe828b918486e2cd76e44c54ae9b62c616e", [ref: "0.6.2"]},
  "decimal": {:hex, :decimal, "1.1.0"},
  "emysql": {:git, "git://github.com/eonblast/emysql.git", "c7e2103f8b737667f0128802e8de2f0d5ed2fa5c", []},
  "execjs": {:git, "git://github.com/devinus/execjs.git", "97440001d9d45dd43fb491b81a544c3389f0c325", []},
  "gproc": {:git, "git://github.com/esl/gproc.git", "1f12fbf6fd75cb4fa6e7b38f331fe3e1fdd2adf0", []},
  "poison": {:git, "git://github.com/devinus/poison.git", "6fbfc6b1afc76d36884a6d7223d227f3940913b7", []},
  "postgrex": {:hex, :postgrex, "0.7.0"},
  "ranch": {:git, "git://github.com/extend/ranch.git", "3189ef2d47843945efc96c224963380462c33d40", [ref: "0.10.0"]}}
